
Microsoft Visual Studio Solution File, Format Version 12.00
# Visual Studio Version 17
VisualStudioVersion = 17.9.34616.47
MinimumVisualStudioVersion = 10.0.40219.1
Project("{FAE04EC0-301F-11D3-BF4B-00C04F79EFBC}") = "stackoverflow_recommendation_system", "stackoverflow_recommendation_system\stackoverflow_recommendation_system.csproj", "{2B5C7293-C08D-41EE-809E-8998AAE387B9}"
EndProject
Global
	GlobalSection(SolutionConfigurationPlatforms) = preSolution
		Debug|Any CPU = Debug|Any CPU
		Release|Any CPU = Release|Any CPU
	EndGlobalSection
	GlobalSection(ProjectConfigurationPlatforms) = postSolution
		{2B5C7293-C08D-41EE-809E-8998AAE387B9}.Debug|Any CPU.ActiveCfg = Debug|Any CPU
		{2B5C7293-C08D-41EE-809E-8998AAE387B9}.Debug|Any CPU.Build.0 = Debug|Any CPU
		{2B5C7293-C08D-41EE-809E-8998AAE387B9}.Release|Any CPU.ActiveCfg = Release|Any CPU
		{2B5C7293-C08D-41EE-809E-8998AAE387B9}.Release|Any CPU.Build.0 = Release|Any CPU
	EndGlobalSection
	GlobalSection(SolutionProperties) = preSolution
		HideSolutionNode = FALSE
	EndGlobalSection
	GlobalSection(ExtensibilityGlobals) = postSolution
		SolutionGuid = {7FACE76B-F85A-44AD-94D2-A339B754A2D7}
	EndGlobalSection
EndGlobal
